
Microsoft Visual Studio Solution File, Format Version 12.00
# Visual Studio Version 16
VisualStudioVersion = 16.0.29814.53
MinimumVisualStudioVersion = 10.0.40219.1
Project("{F2A71F9B-5D33-465A-A702-920D77279786}") = "NamelessInteractive.FSharp.MongoDB", "NamelessInteractive.FSharp.MongoDB\NamelessInteractive.FSharp.MongoDB.fsproj", "{9CA5E5DE-7AD0-49C1-A6BE-387A6ABA61B5}"
EndProject
Global
	GlobalSection(SolutionConfigurationPlatforms) = preSolution
		Debug|Any CPU = Debug|Any CPU
		Release|Any CPU = Release|Any CPU
	EndGlobalSection
	GlobalSection(ProjectConfigurationPlatforms) = postSolution
		{9CA5E5DE-7AD0-49C1-A6BE-387A6ABA61B5}.Debug|Any CPU.ActiveCfg = Debug|Any CPU
		{9CA5E5DE-7AD0-49C1-A6BE-387A6ABA61B5}.Debug|Any CPU.Build.0 = Debug|Any CPU
		{9CA5E5DE-7AD0-49C1-A6BE-387A6ABA61B5}.Release|Any CPU.ActiveCfg = Release|Any CPU
		{9CA5E5DE-7AD0-49C1-A6BE-387A6ABA61B5}.Release|Any CPU.Build.0 = Release|Any CPU
	EndGlobalSection
	GlobalSection(SolutionProperties) = preSolution
		HideSolutionNode = FALSE
	EndGlobalSection
	GlobalSection(ExtensibilityGlobals) = postSolution
		SolutionGuid = {94C79074-B392-402F-B4F7-725F4EA1F66E}
	EndGlobalSection
EndGlobal
